
Microsoft Visual Studio Solution File, Format Version 12.00
# Visual Studio Version 16
VisualStudioVersion = 16.0.30804.86
MinimumVisualStudioVersion = 10.0.40219.1
Project("{FAE04EC0-301F-11D3-BF4B-00C04F79EFBC}") = "Sitecore.ConfigBuilder.Tool", "Sitecore.ConfigBuilder.Tool\Sitecore.ConfigBuilder.Tool.csproj", "{533D431A-8568-4564-A927-ED076798B2F7}"
EndProject
Global
	GlobalSection(SolutionConfigurationPlatforms) = preSolution
		Debug|x86 = Debug|x86
		Release|x86 = Release|x86
	EndGlobalSection
	GlobalSection(ProjectConfigurationPlatforms) = postSolution
		{533D431A-8568-4564-A927-ED076798B2F7}.Debug|x86.ActiveCfg = Debug|x86
		{533D431A-8568-4564-A927-ED076798B2F7}.Debug|x86.Build.0 = Debug|x86
		{533D431A-8568-4564-A927-ED076798B2F7}.Release|x86.ActiveCfg = Release|x86
		{533D431A-8568-4564-A927-ED076798B2F7}.Release|x86.Build.0 = Release|x86
	EndGlobalSection
	GlobalSection(SolutionProperties) = preSolution
		HideSolutionNode = FALSE
	EndGlobalSection
	GlobalSection(ExtensibilityGlobals) = postSolution
		EnterpriseLibraryConfigurationToolBinariesPathV6 = packages\EnterpriseLibrary.Common.6.0.1304.0\lib\NET45
		SolutionGuid = {8D2A3930-E243-4967-9D01-EC945B9113DF}
	EndGlobalSection
EndGlobal
